// !$*UTF8*$!
{
	archiveVersion = 1;
	classes = {
	};
	objectVersion = 46;
	objects = {

/* Begin PBXBuildFile section */
		9C91F61018B85C2B00C0CBA0 /* UIKit.framework in Frameworks */ = {isa = PBXBuildFile; fileRef = 9C91F60F18B85C2B00C0CBA0 /* UIKit.framework */; };
		9C91F61218B85C2B00C0CBA0 /* Foundation.framework in Frameworks */ = {isa = PBXBuildFile; fileRef = 9C91F61118B85C2B00C0CBA0 /* Foundation.framework */; };
		9C91F61418B85C2B00C0CBA0 /* CoreGraphics.framework in Frameworks */ = {isa = PBXBuildFile; fileRef = 9C91F61318B85C2B00C0CBA0 /* CoreGraphics.framework */; };
		9C91F61A18B85C2B00C0CBA0 /* InfoPlist.strings in Resources */ = {isa = PBXBuildFile; fileRef = 9C91F61818B85C2B00C0CBA0 /* InfoPlist.strings */; };
		9C91F61C18B85C2B00C0CBA0 /* main.m in Sources */ = {isa = PBXBuildFile; fileRef = 9C91F61B18B85C2B00C0CBA0 /* main.m */; };
		9C91F62018B85C2B00C0CBA0 /* XYZAppDelegate.m in Sources */ = {isa = PBXBuildFile; fileRef = 9C91F61F18B85C2B00C0CBA0 /* XYZAppDelegate.m */; };
		9C91F62218B85C2B00C0CBA0 /* Default.png in Resources */ = {isa = PBXBuildFile; fileRef = 9C91F62118B85C2B00C0CBA0 /* Default.png */; };
		9C91F62418B85C2B00C0CBA0 /* Default@2x.png in Resources */ = {isa = PBXBuildFile; fileRef = 9C91F62318B85C2B00C0CBA0 /* Default@2x.png */; };
		9C91F62618B85C2B00C0CBA0 /* Default-568h@2x.png in Resources */ = {isa = PBXBuildFile; fileRef = 9C91F62518B85C2B00C0CBA0 /* Default-568h@2x.png */; };
		9C91F62E18B85C2B00C0CBA0 /* SenTestingKit.framework in Frameworks */ = {isa = PBXBuildFile; fileRef = 9C91F62D18B85C2B00C0CBA0 /* SenTestingKit.framework */; };
		9C91F62F18B85C2B00C0CBA0 /* UIKit.framework in Frameworks */ = {isa = PBXBuildFile; fileRef = 9C91F60F18B85C2B00C0CBA0 /* UIKit.framework */; };
		9C91F63018B85C2B00C0CBA0 /* Foundation.framework in Frameworks */ = {isa = PBXBuildFile; fileRef = 9C91F61118B85C2B00C0CBA0 /* Foundation.framework */; };
		9C91F63818B85C2B00C0CBA0 /* InfoPlist.strings in Resources */ = {isa = PBXBuildFile; fileRef = 9C91F63618B85C2B00C0CBA0 /* InfoPlist.strings */; };
		9C91F63B18B85C2B00C0CBA0 /* ChoreoGenTests.m in Sources */ = {isa = PBXBuildFile; fileRef = 9C91F63A18B85C2B00C0CBA0 /* ChoreoGenTests.m */; };
		9C91F64618B85CBE00C0CBA0 /* choreographyDictionary.m in Sources */ = {isa = PBXBuildFile; fileRef = 9C91F64518B85CBE00C0CBA0 /* choreographyDictionary.m */; };
		9C91F65B18B868AD00C0CBA0 /* Main.storyboard in Resources */ = {isa = PBXBuildFile; fileRef = 9C91F65A18B868AD00C0CBA0 /* Main.storyboard */; };
		9C91F65E18B868D800C0CBA0 /* LatButtonsViewController.m in Sources */ = {isa = PBXBuildFile; fileRef = 9C91F65D18B868D800C0CBA0 /* LatButtonsViewController.m */; };
/* End PBXBuildFile section */

/* Begin PBXContainerItemProxy section */
		9C91F63118B85C2B00C0CBA0 /* PBXContainerItemProxy */ = {
			isa = PBXContainerItemProxy;
			containerPortal = 9C91F60418B85C2B00C0CBA0 /* Project object */;
			proxyType = 1;
			remoteGlobalIDString = 9C91F60B18B85C2B00C0CBA0;
			remoteInfo = ChoreoGen;
		};
/* End PBXContainerItemProxy section */

/* Begin PBXFileReference section */
		9C91F60C18B85C2B00C0CBA0 /* ChoreoGen.app */ = {isa = PBXFileReference; explicitFileType = wrapper.application; includeInIndex = 0; path = ChoreoGen.app; sourceTree = BUILT_PRODUCTS_DIR; };
		9C91F60F18B85C2B00C0CBA0 /* UIKit.framework */ = {isa = PBXFileReference; lastKnownFileType = wrapper.framework; name = UIKit.framework; path = System/Library/Frameworks/UIKit.framework; sourceTree = SDKROOT; };
		9C91F61118B85C2B00C0CBA0 /* Foundation.framework */ = {isa = PBXFileReference; lastKnownFileType = wrapper.framework; name = Foundation.framework; path = System/Library/Frameworks/Foundation.framework; sourceTree = SDKROOT; };
		9C91F61318B85C2B00C0CBA0 /* CoreGraphics.framework */ = {isa = PBXFileReference; lastKnownFileType = wrapper.framework; name = CoreGraphics.framework; path = System/Library/Frameworks/CoreGraphics.framework; sourceTree = SDKROOT; };
		9C91F61718B85C2B00C0CBA0 /* ChoreoGen-Info.plist */ = {isa = PBXFileReference; lastKnownFileType = text.plist.xml; path = "ChoreoGen-Info.plist"; sourceTree = "<group>"; };
		9C91F61918B85C2B00C0CBA0 /* en */ = {isa = PBXFileReference; lastKnownFileType = text.plist.strings; name = en; path = en.lproj/InfoPlist.strings; sourceTree = "<group>"; };
		9C91F61B18B85C2B00C0CBA0 /* main.m */ = {isa = PBXFileReference; lastKnownFileType = sourcecode.c.objc; path = main.m; sourceTree = "<group>"; };
		9C91F61D18B85C2B00C0CBA0 /* ChoreoGen-Prefix.pch */ = {isa = PBXFileReference; lastKnownFileType = sourcecode.c.h; path = "ChoreoGen-Prefix.pch"; sourceTree = "<group>"; };
		9C91F61E18B85C2B00C0CBA0 /* XYZAppDelegate.h */ = {isa = PBXFileReference; lastKnownFileType = sourcecode.c.h; path = XYZAppDelegate.h; sourceTree = "<group>"; };
		9C91F61F18B85C2B00C0CBA0 /* XYZAppDelegate.m */ = {isa = PBXFileReference; lastKnownFileType = sourcecode.c.objc; path = XYZAppDelegate.m; sourceTree = "<group>"; };
		9C91F62118B85C2B00C0CBA0 /* Default.png */ = {isa = PBXFileReference; lastKnownFileType = image.png; path = Default.png; sourceTree = "<group>"; };
		9C91F62318B85C2B00C0CBA0 /* Default@2x.png */ = {isa = PBXFileReference; lastKnownFileType = image.png; path = "Default@2x.png"; sourceTree = "<group>"; };
		9C91F62518B85C2B00C0CBA0 /* Default-568h@2x.png */ = {isa = PBXFileReference; lastKnownFileType = image.png; path = "Default-568h@2x.png"; sourceTree = "<group>"; };
		9C91F62C18B85C2B00C0CBA0 /* ChoreoGenTests.octest */ = {isa = PBXFileReference; explicitFileType = wrapper.cfbundle; includeInIndex = 0; path = ChoreoGenTests.octest; sourceTree = BUILT_PRODUCTS_DIR; };
		9C91F62D18B85C2B00C0CBA0 /* SenTestingKit.framework */ = {isa = PBXFileReference; lastKnownFileType = wrapper.framework; name = SenTestingKit.framework; path = Library/Frameworks/SenTestingKit.framework; sourceTree = DEVELOPER_DIR; };
		9C91F63518B85C2B00C0CBA0 /* ChoreoGenTests-Info.plist */ = {isa = PBXFileReference; lastKnownFileType = text.plist.xml; path = "ChoreoGenTests-Info.plist"; sourceTree = "<group>"; };
		9C91F63718B85C2B00C0CBA0 /* en */ = {isa = PBXFileReference; lastKnownFileType = text.plist.strings; name = en; path = en.lproj/InfoPlist.strings; sourceTree = "<group>"; };
		9C91F63918B85C2B00C0CBA0 /* ChoreoGenTests.h */ = {isa = PBXFileReference; lastKnownFileType = sourcecode.c.h; path = ChoreoGenTests.h; sourceTree = "<group>"; };
		9C91F63A18B85C2B00C0CBA0 /* ChoreoGenTests.m */ = {isa = PBXFileReference; lastKnownFileType = sourcecode.c.objc; path = ChoreoGenTests.m; sourceTree = "<group>"; };
		9C91F64418B85CBE00C0CBA0 /* choreographyDictionary.h */ = {isa = PBXFileReference; fileEncoding = 4; lastKnownFileType = sourcecode.c.h; path = choreographyDictionary.h; sourceTree = "<group>"; };
		9C91F64518B85CBE00C0CBA0 /* choreographyDictionary.m */ = {isa = PBXFileReference; fileEncoding = 4; lastKnownFileType = sourcecode.c.objc; path = choreographyDictionary.m; sourceTree = "<group>"; };
		9C91F65A18B868AD00C0CBA0 /* Main.storyboard */ = {isa = PBXFileReference; fileEncoding = 4; lastKnownFileType = file.storyboard; name = Main.storyboard; path = ChoreoGen/Main.storyboard; sourceTree = "<group>"; };
		9C91F65C18B868D800C0CBA0 /* LatButtonsViewController.h */ = {isa = PBXFileReference; fileEncoding = 4; lastKnownFileType = sourcecode.c.h; path = LatButtonsViewController.h; sourceTree = "<group>"; };
		9C91F65D18B868D800C0CBA0 /* LatButtonsViewController.m */ = {isa = PBXFileReference; fileEncoding = 4; lastKnownFileType = sourcecode.c.objc; path = LatButtonsViewController.m; sourceTree = "<group>"; };
/* End PBXFileReference section */

/* Begin PBXFrameworksBuildPhase section */
		9C91F60918B85C2B00C0CBA0 /* Frameworks */ = {
			isa = PBXFrameworksBuildPhase;
			buildActionMask = 2147483647;
			files = (
				9C91F61018B85C2B00C0CBA0 /* UIKit.framework in Frameworks */,
				9C91F61218B85C2B00C0CBA0 /* Foundation.framework in Frameworks */,
				9C91F61418B85C2B00C0CBA0 /* CoreGraphics.framework in Frameworks */,
			);
			runOnlyForDeploymentPostprocessing = 0;
		};
		9C91F62818B85C2B00C0CBA0 /* Frameworks */ = {
			isa = PBXFrameworksBuildPhase;
			buildActionMask = 2147483647;
			files = (
				9C91F62E18B85C2B00C0CBA0 /* SenTestingKit.framework in Frameworks */,
				9C91F62F18B85C2B00C0CBA0 /* UIKit.framework in Frameworks */,
				9C91F63018B85C2B00C0CBA0 /* Foundation.framework in Frameworks */,
			);
			runOnlyForDeploymentPostprocessing = 0;
		};
/* End PBXFrameworksBuildPhase section */

/* Begin PBXGroup section */
		9C91F60318B85C2B00C0CBA0 = {
			isa = PBXGroup;
			children = (
				9C91F65A18B868AD00C0CBA0 /* Main.storyboard */,
				9C91F65C18B868D800C0CBA0 /* LatButtonsViewController.h */,
				9C91F65D18B868D800C0CBA0 /* LatButtonsViewController.m */,
				9C91F61518B85C2B00C0CBA0 /* ChoreoGen */,
				9C91F63318B85C2B00C0CBA0 /* ChoreoGenTests */,
				9C91F60E18B85C2B00C0CBA0 /* Frameworks */,
				9C91F60D18B85C2B00C0CBA0 /* Products */,
			);
			sourceTree = "<group>";
		};
		9C91F60D18B85C2B00C0CBA0 /* Products */ = {
			isa = PBXGroup;
			children = (
				9C91F60C18B85C2B00C0CBA0 /* ChoreoGen.app */,
				9C91F62C18B85C2B00C0CBA0 /* ChoreoGenTests.octest */,
			);
			name = Products;
			sourceTree = "<group>";
		};
		9C91F60E18B85C2B00C0CBA0 /* Frameworks */ = {
			isa = PBXGroup;
			children = (
				9C91F60F18B85C2B00C0CBA0 /* UIKit.framework */,
				9C91F61118B85C2B00C0CBA0 /* Foundation.framework */,
				9C91F61318B85C2B00C0CBA0 /* CoreGraphics.framework */,
				9C91F62D18B85C2B00C0CBA0 /* SenTestingKit.framework */,
			);
			name = Frameworks;
			sourceTree = "<group>";
		};
		9C91F61518B85C2B00C0CBA0 /* ChoreoGen */ = {
			isa = PBXGroup;
			children = (
				9C91F64418B85CBE00C0CBA0 /* choreographyDictionary.h */,
				9C91F64518B85CBE00C0CBA0 /* choreographyDictionary.m */,
				9C91F61E18B85C2B00C0CBA0 /* XYZAppDelegate.h */,
				9C91F61F18B85C2B00C0CBA0 /* XYZAppDelegate.m */,
				9C91F61618B85C2B00C0CBA0 /* Supporting Files */,
			);
			path = ChoreoGen;
			sourceTree = "<group>";
		};
		9C91F61618B85C2B00C0CBA0 /* Supporting Files */ = {
			isa = PBXGroup;
			children = (
				9C91F61718B85C2B00C0CBA0 /* ChoreoGen-Info.plist */,
				9C91F61818B85C2B00C0CBA0 /* InfoPlist.strings */,
				9C91F61B18B85C2B00C0CBA0 /* main.m */,
				9C91F61D18B85C2B00C0CBA0 /* ChoreoGen-Prefix.pch */,
				9C91F62118B85C2B00C0CBA0 /* Default.png */,
				9C91F62318B85C2B00C0CBA0 /* Default@2x.png */,
				9C91F62518B85C2B00C0CBA0 /* Default-568h@2x.png */,
			);
			name = "Supporting Files";
			sourceTree = "<group>";
		};
		9C91F63318B85C2B00C0CBA0 /* ChoreoGenTests */ = {
			isa = PBXGroup;
			children = (
				9C91F63918B85C2B00C0CBA0 /* ChoreoGenTests.h */,
				9C91F63A18B85C2B00C0CBA0 /* ChoreoGenTests.m */,
				9C91F63418B85C2B00C0CBA0 /* Supporting Files */,
			);
			path = ChoreoGenTests;
			sourceTree = "<group>";
		};
		9C91F63418B85C2B00C0CBA0 /* Supporting Files */ = {
			isa = PBXGroup;
			children = (
				9C91F63518B85C2B00C0CBA0 /* ChoreoGenTests-Info.plist */,
				9C91F63618B85C2B00C0CBA0 /* InfoPlist.strings */,
			);
			name = "Supporting Files";
			sourceTree = "<group>";
		};
/* End PBXGroup section */

/* Begin PBXNativeTarget section */
		9C91F60B18B85C2B00C0CBA0 /* ChoreoGen */ = {
			isa = PBXNativeTarget;
			buildConfigurationList = 9C91F63E18B85C2B00C0CBA0 /* Build configuration list for PBXNativeTarget "ChoreoGen" */;
			buildPhases = (
				9C91F60818B85C2B00C0CBA0 /* Sources */,
				9C91F60918B85C2B00C0CBA0 /* Frameworks */,
				9C91F60A18B85C2B00C0CBA0 /* Resources */,
			);
			buildRules = (
			);
			dependencies = (
			);
			name = ChoreoGen;
			productName = ChoreoGen;
			productReference = 9C91F60C18B85C2B00C0CBA0 /* ChoreoGen.app */;
			productType = "com.apple.product-type.application";
		};
		9C91F62B18B85C2B00C0CBA0 /* ChoreoGenTests */ = {
			isa = PBXNativeTarget;
			buildConfigurationList = 9C91F64118B85C2B00C0CBA0 /* Build configuration list for PBXNativeTarget "ChoreoGenTests" */;
			buildPhases = (
				9C91F62718B85C2B00C0CBA0 /* Sources */,
				9C91F62818B85C2B00C0CBA0 /* Frameworks */,
				9C91F62918B85C2B00C0CBA0 /* Resources */,
				9C91F62A18B85C2B00C0CBA0 /* ShellScript */,
			);
			buildRules = (
			);
			dependencies = (
				9C91F63218B85C2B00C0CBA0 /* PBXTargetDependency */,
			);
			name = ChoreoGenTests;
			productName = ChoreoGenTests;
			productReference = 9C91F62C18B85C2B00C0CBA0 /* ChoreoGenTests.octest */;
			productType = "com.apple.product-type.bundle";
		};
/* End PBXNativeTarget section */

/* Begin PBXProject section */
		9C91F60418B85C2B00C0CBA0 /* Project object */ = {
			isa = PBXProject;
			attributes = {
				CLASSPREFIX = XYZ;
				LastUpgradeCheck = 0460;
				ORGANIZATIONNAME = "Karen Huddleston";
			};
			buildConfigurationList = 9C91F60718B85C2B00C0CBA0 /* Build configuration list for PBXProject "ChoreoGen" */;
			compatibilityVersion = "Xcode 3.2";
			developmentRegion = English;
			hasScannedForEncodings = 0;
			knownRegions = (
				en,
			);
			mainGroup = 9C91F60318B85C2B00C0CBA0;
			productRefGroup = 9C91F60D18B85C2B00C0CBA0 /* Products */;
			projectDirPath = "";
			projectRoot = "";
			targets = (
				9C91F60B18B85C2B00C0CBA0 /* ChoreoGen */,
				9C91F62B18B85C2B00C0CBA0 /* ChoreoGenTests */,
			);
		};
/* End PBXProject section */

/* Begin PBXResourcesBuildPhase section */
		9C91F60A18B85C2B00C0CBA0 /* Resources */ = {
			isa = PBXResourcesBuildPhase;
			buildActionMask = 2147483647;
			files = (
				9C91F61A18B85C2B00C0CBA0 /* InfoPlist.strings in Resources */,
				9C91F62218B85C2B00C0CBA0 /* Default.png in Resources */,
				9C91F62418B85C2B00C0CBA0 /* Default@2x.png in Resources */,
				9C91F62618B85C2B00C0CBA0 /* Default-568h@2x.png in Resources */,
				9C91F65B18B868AD00C0CBA0 /* Main.storyboard in Resources */,
			);
			runOnlyForDeploymentPostprocessing = 0;
		};
		9C91F62918B85C2B00C0CBA0 /* Resources */ = {
			isa = PBXResourcesBuildPhase;
			buildActionMask = 2147483647;
			files = (
				9C91F63818B85C2B00C0CBA0 /* InfoPlist.strings in Resources */,
			);
			runOnlyForDeploymentPostprocessing = 0;
		};
/* End PBXResourcesBuildPhase section */

/* Begin PBXShellScriptBuildPhase section */
		9C91F62A18B85C2B00C0CBA0 /* ShellScript */ = {
			isa = PBXShellScriptBuildPhase;
			buildActionMask = 2147483647;
			files = (
			);
			inputPaths = (
			);
			outputPaths = (
			);
			runOnlyForDeploymentPostprocessing = 0;
			shellPath = /bin/sh;
			shellScript = "# Run the unit tests in this test bundle.\n\"${SYSTEM_DEVELOPER_DIR}/Tools/RunUnitTests\"\n";
		};
/* End PBXShellScriptBuildPhase section */

/* Begin PBXSourcesBuildPhase section */
		9C91F60818B85C2B00C0CBA0 /* Sources */ = {
			isa = PBXSourcesBuildPhase;
			buildActionMask = 2147483647;
			files = (
				9C91F61C18B85C2B00C0CBA0 /* main.m in Sources */,
				9C91F62018B85C2B00C0CBA0 /* XYZAppDelegate.m in Sources */,
				9C91F64618B85CBE00C0CBA0 /* choreographyDictionary.m in Sources */,
				9C91F65E18B868D800C0CBA0 /* LatButtonsViewController.m in Sources */,
			);
			runOnlyForDeploymentPostprocessing = 0;
		};
		9C91F62718B85C2B00C0CBA0 /* Sources */ = {
			isa = PBXSourcesBuildPhase;
			buildActionMask = 2147483647;
			files = (
				9C91F63B18B85C2B00C0CBA0 /* ChoreoGenTests.m in Sources */,
			);
			runOnlyForDeploymentPostprocessing = 0;
		};
/* End PBXSourcesBuildPhase section */

/* Begin PBXTargetDependency section */
		9C91F63218B85C2B00C0CBA0 /* PBXTargetDependency */ = {
			isa = PBXTargetDependency;
			target = 9C91F60B18B85C2B00C0CBA0 /* ChoreoGen */;
			targetProxy = 9C91F63118B85C2B00C0CBA0 /* PBXContainerItemProxy */;
		};
/* End PBXTargetDependency section */

/* Begin PBXVariantGroup section */
		9C91F61818B85C2B00C0CBA0 /* InfoPlist.strings */ = {
			isa = PBXVariantGroup;
			children = (
				9C91F61918B85C2B00C0CBA0 /* en */,
			);
			name = InfoPlist.strings;
			sourceTree = "<group>";
		};
		9C91F63618B85C2B00C0CBA0 /* InfoPlist.strings */ = {
			isa = PBXVariantGroup;
			children = (
				9C91F63718B85C2B00C0CBA0 /* en */,
			);
			name = InfoPlist.strings;
			sourceTree = "<group>";
		};
/* End PBXVariantGroup section */

/* Begin XCBuildConfiguration section */
		9C91F63C18B85C2B00C0CBA0 /* Debug */ = {
			isa = XCBuildConfiguration;
			buildSettings = {
				ALWAYS_SEARCH_USER_PATHS = NO;
				CLANG_CXX_LANGUAGE_STANDARD = "gnu++0x";
				CLANG_CXX_LIBRARY = "libc++";
				CLANG_ENABLE_OBJC_ARC = YES;
				CLANG_WARN_CONSTANT_CONVERSION = YES;
				CLANG_WARN_EMPTY_BODY = YES;
				CLANG_WARN_ENUM_CONVERSION = YES;
				CLANG_WARN_INT_CONVERSION = YES;
				CLANG_WARN__DUPLICATE_METHOD_MATCH = YES;
				"CODE_SIGN_IDENTITY[sdk=iphoneos*]" = "iPhone Developer";
				COPY_PHASE_STRIP = NO;
				GCC_C_LANGUAGE_STANDARD = gnu99;
				GCC_DYNAMIC_NO_PIC = NO;
				GCC_OPTIMIZATION_LEVEL = 0;
				GCC_PREPROCESSOR_DEFINITIONS = (
					"DEBUG=1",
					"$(inherited)",
				);
				GCC_SYMBOLS_PRIVATE_EXTERN = NO;
				GCC_WARN_ABOUT_RETURN_TYPE = YES;
				GCC_WARN_UNINITIALIZED_AUTOS = YES;
				GCC_WARN_UNUSED_VARIABLE = YES;
				IPHONEOS_DEPLOYMENT_TARGET = 6.1;
				ONLY_ACTIVE_ARCH = YES;
				SDKROOT = iphoneos;
			};
			name = Debug;
		};
		9C91F63D18B85C2B00C0CBA0 /* Release */ = {
			isa = XCBuildConfiguration;
			buildSettings = {
				ALWAYS_SEARCH_USER_PATHS = NO;
				CLANG_CXX_LANGUAGE_STANDARD = "gnu++0x";
				CLANG_CXX_LIBRARY = "libc++";
				CLANG_ENABLE_OBJC_ARC = YES;
				CLANG_WARN_CONSTANT_CONVERSION = YES;
				CLANG_WARN_EMPTY_BODY = YES;
				CLANG_WARN_ENUM_CONVERSION = YES;
				CLANG_WARN_INT_CONVERSION = YES;
				CLANG_WARN__DUPLICATE_METHOD_MATCH = YES;
				"CODE_SIGN_IDENTITY[sdk=iphoneos*]" = "iPhone Developer";
				COPY_PHASE_STRIP = YES;
				GCC_C_LANGUAGE_STANDARD = gnu99;
				GCC_WARN_ABOUT_RETURN_TYPE = YES;
				GCC_WARN_UNINITIALIZED_AUTOS = YES;
				GCC_WARN_UNUSED_VARIABLE = YES;
				IPHONEOS_DEPLOYMENT_TARGET = 6.1;
				OTHER_CFLAGS = "-DNS_BLOCK_ASSERTIONS=1";
				SDKROOT = iphoneos;
				VALIDATE_PRODUCT = YES;
			};
			name = Release;
		};
		9C91F63F18B85C2B00C0CBA0 /* Debug */ = {
			isa = XCBuildConfiguration;
			buildSettings = {
				GCC_PRECOMPILE_PREFIX_HEADER = YES;
				GCC_PREFIX_HEADER = "ChoreoGen/ChoreoGen-Prefix.pch";
				INFOPLIST_FILE = "ChoreoGen/ChoreoGen-Info.plist";
				PRODUCT_NAME = "$(TARGET_NAME)";
				WRAPPER_EXTENSION = app;
			};
			name = Debug;
		};
		9C91F64018B85C2B00C0CBA0 /* Release */ = {
			isa = XCBuildConfiguration;
			buildSettings = {
				GCC_PRECOMPILE_PREFIX_HEADER = YES;
				GCC_PREFIX_HEADER = "ChoreoGen/ChoreoGen-Prefix.pch";
				INFOPLIST_FILE = "ChoreoGen/ChoreoGen-Info.plist";
				PRODUCT_NAME = "$(TARGET_NAME)";
				WRAPPER_EXTENSION = app;
			};
			name = Release;
		};
		9C91F64218B85C2B00C0CBA0 /* Debug */ = {
			isa = XCBuildConfiguration;
			buildSettings = {
				BUNDLE_LOADER = "$(BUILT_PRODUCTS_DIR)/ChoreoGen.app/ChoreoGen";
				FRAMEWORK_SEARCH_PATHS = (
					"\"$(SDKROOT)/Developer/Library/Frameworks\"",
					"\"$(DEVELOPER_LIBRARY_DIR)/Frameworks\"",
				);
				GCC_PRECOMPILE_PREFIX_HEADER = YES;
				GCC_PREFIX_HEADER = "ChoreoGen/ChoreoGen-Prefix.pch";
				INFOPLIST_FILE = "ChoreoGenTests/ChoreoGenTests-Info.plist";
				PRODUCT_NAME = "$(TARGET_NAME)";
				TEST_HOST = "$(BUNDLE_LOADER)";
				WRAPPER_EXTENSION = octest;
			};
			name = Debug;
		};
		9C91F64318B85C2B00C0CBA0 /* Release */ = {
			isa = XCBuildConfiguration;
			buildSettings = {
				BUNDLE_LOADER = "$(BUILT_PRODUCTS_DIR)/ChoreoGen.app/ChoreoGen";
				FRAMEWORK_SEARCH_PATHS = (
					"\"$(SDKROOT)/Developer/Library/Frameworks\"",
					"\"$(DEVELOPER_LIBRARY_DIR)/Frameworks\"",
				);
				GCC_PRECOMPILE_PREFIX_HEADER = YES;
				GCC_PREFIX_HEADER = "ChoreoGen/ChoreoGen-Prefix.pch";
				INFOPLIST_FILE = "ChoreoGenTests/ChoreoGenTests-Info.plist";
				PRODUCT_NAME = "$(TARGET_NAME)";
				TEST_HOST = "$(BUNDLE_LOADER)";
				WRAPPER_EXTENSION = octest;
			};
			name = Release;
		};
/* End XCBuildConfiguration section */

/* Begin XCConfigurationList section */
		9C91F60718B85C2B00C0CBA0 /* Build configuration list for PBXProject "ChoreoGen" */ = {
			isa = XCConfigurationList;
			buildConfigurations = (
				9C91F63C18B85C2B00C0CBA0 /* Debug */,
				9C91F63D18B85C2B00C0CBA0 /* Release */,
			);
			defaultConfigurationIsVisible = 0;
			defaultConfigurationName = Release;
		};
		9C91F63E18B85C2B00C0CBA0 /* Build configuration list for PBXNativeTarget "ChoreoGen" */ = {
			isa = XCConfigurationList;
			buildConfigurations = (
				9C91F63F18B85C2B00C0CBA0 /* Debug */,
				9C91F64018B85C2B00C0CBA0 /* Release */,
			);
			defaultConfigurationIsVisible = 0;
			defaultConfigurationName = Release;
		};
		9C91F64118B85C2B00C0CBA0 /* Build configuration list for PBXNativeTarget "ChoreoGenTests" */ = {
			isa = XCConfigurationList;
			buildConfigurations = (
				9C91F64218B85C2B00C0CBA0 /* Debug */,
				9C91F64318B85C2B00C0CBA0 /* Release */,
			);
			defaultConfigurationIsVisible = 0;
			defaultConfigurationName = Release;
		};
/* End XCConfigurationList section */
	};
	rootObject = 9C91F60418B85C2B00C0CBA0 /* Project object */;
}
